
Microsoft Visual Studio Solution File, Format Version 12.00
# Visual Studio Version 16
VisualStudioVersion = 16.0.32602.291
MinimumVisualStudioVersion = 10.0.40219.1
Project("{FAE04EC0-301F-11D3-BF4B-00C04F79EFBC}") = "netCoreApi", "netCoreApi\netCoreApi.csproj", "{48767581-F988-4C13-AFEE-E9F2E04E755C}"
EndProject
Global
	GlobalSection(SolutionConfigurationPlatforms) = preSolution
		Debug|Any CPU = Debug|Any CPU
		Release|Any CPU = Release|Any CPU
	EndGlobalSection
	GlobalSection(ProjectConfigurationPlatforms) = postSolution
		{48767581-F988-4C13-AFEE-E9F2E04E755C}.Debug|Any CPU.ActiveCfg = Debug|Any CPU
		{48767581-F988-4C13-AFEE-E9F2E04E755C}.Debug|Any CPU.Build.0 = Debug|Any CPU
		{48767581-F988-4C13-AFEE-E9F2E04E755C}.Release|Any CPU.ActiveCfg = Release|Any CPU
		{48767581-F988-4C13-AFEE-E9F2E04E755C}.Release|Any CPU.Build.0 = Release|Any CPU
	EndGlobalSection
	GlobalSection(SolutionProperties) = preSolution
		HideSolutionNode = FALSE
	EndGlobalSection
	GlobalSection(ExtensibilityGlobals) = postSolution
		SolutionGuid = {5B5F3694-86DB-4586-A47A-73B86B688D62}
	EndGlobalSection
EndGlobal
